
Microsoft Visual Studio Solution File, Format Version 12.00
# Visual Studio Version 17
VisualStudioVersion = 17.14.36518.9 d17.14
MinimumVisualStudioVersion = 10.0.40219.1
Project("{FAE04EC0-301F-11D3-BF4B-00C04F79EFBC}") = "Task1", "Task1\Task1.csproj", "{880AB176-CEE4-4562-A118-BEBBA1AAA854}"
EndProject
Global
	GlobalSection(SolutionConfigurationPlatforms) = preSolution
		Debug|Any CPU = Debug|Any CPU
		Release|Any CPU = Release|Any CPU
	EndGlobalSection
	GlobalSection(ProjectConfigurationPlatforms) = postSolution
		{880AB176-CEE4-4562-A118-BEBBA1AAA854}.Debug|Any CPU.ActiveCfg = Debug|Any CPU
		{880AB176-CEE4-4562-A118-BEBBA1AAA854}.Debug|Any CPU.Build.0 = Debug|Any CPU
		{880AB176-CEE4-4562-A118-BEBBA1AAA854}.Release|Any CPU.ActiveCfg = Release|Any CPU
		{880AB176-CEE4-4562-A118-BEBBA1AAA854}.Release|Any CPU.Build.0 = Release|Any CPU
	EndGlobalSection
	GlobalSection(SolutionProperties) = preSolution
		HideSolutionNode = FALSE
	EndGlobalSection
	GlobalSection(ExtensibilityGlobals) = postSolution
		SolutionGuid = {0960D97B-6892-48E9-8C53-EB963447EC09}
	EndGlobalSection
EndGlobal
